
Microsoft Visual Studio Solution File, Format Version 12.00
# Visual Studio Version 17
VisualStudioVersion = 17.4.33103.184
MinimumVisualStudioVersion = 10.0.40219.1
Project("{FAE04EC0-301F-11D3-BF4B-00C04F79EFBC}") = "BookShelf.Api", "BookShelf.Api\BookShelf.Api.csproj", "{5B78DF9A-E6DE-4848-AC6F-12A139C4558B}"
EndProject
Global
	GlobalSection(SolutionConfigurationPlatforms) = preSolution
		Debug|Any CPU = Debug|Any CPU
		Release|Any CPU = Release|Any CPU
	EndGlobalSection
	GlobalSection(ProjectConfigurationPlatforms) = postSolution
		{5B78DF9A-E6DE-4848-AC6F-12A139C4558B}.Debug|Any CPU.ActiveCfg = Debug|Any CPU
		{5B78DF9A-E6DE-4848-AC6F-12A139C4558B}.Debug|Any CPU.Build.0 = Debug|Any CPU
		{5B78DF9A-E6DE-4848-AC6F-12A139C4558B}.Release|Any CPU.ActiveCfg = Release|Any CPU
		{5B78DF9A-E6DE-4848-AC6F-12A139C4558B}.Release|Any CPU.Build.0 = Release|Any CPU
	EndGlobalSection
	GlobalSection(SolutionProperties) = preSolution
		HideSolutionNode = FALSE
	EndGlobalSection
	GlobalSection(ExtensibilityGlobals) = postSolution
		SolutionGuid = {15C575BD-068F-47FC-8BB6-2AE27FBE0A25}
	EndGlobalSection
EndGlobal
