
Microsoft Visual Studio Solution File, Format Version 12.00
# Visual Studio Version 17
VisualStudioVersion = 17.4.33205.214
MinimumVisualStudioVersion = 10.0.40219.1
Project("{9A19103F-16F7-4668-BE54-9A1E7A4F7556}") = "BookShelf.Api", "BookShelf.Api\BookShelf.Api.csproj", "{12621044-08D6-4207-98A7-CBDE9106D0B6}"
EndProject
Project("{2150E333-8FDC-42A3-9474-1A3956D46DE8}") = "Solution Items", "Solution Items", "{A770305C-59DB-47D6-91DF-6876F786FDAA}"
	ProjectSection(SolutionItems) = preProject
		docker-compose.yml = docker-compose.yml
	EndProjectSection
EndProject
Global
	GlobalSection(SolutionConfigurationPlatforms) = preSolution
		Debug|Any CPU = Debug|Any CPU
		Release|Any CPU = Release|Any CPU
	EndGlobalSection
	GlobalSection(ProjectConfigurationPlatforms) = postSolution
		{12621044-08D6-4207-98A7-CBDE9106D0B6}.Debug|Any CPU.ActiveCfg = Debug|Any CPU
		{12621044-08D6-4207-98A7-CBDE9106D0B6}.Debug|Any CPU.Build.0 = Debug|Any CPU
		{12621044-08D6-4207-98A7-CBDE9106D0B6}.Release|Any CPU.ActiveCfg = Release|Any CPU
		{12621044-08D6-4207-98A7-CBDE9106D0B6}.Release|Any CPU.Build.0 = Release|Any CPU
	EndGlobalSection
	GlobalSection(SolutionProperties) = preSolution
		HideSolutionNode = FALSE
	EndGlobalSection
	GlobalSection(ExtensibilityGlobals) = postSolution
		SolutionGuid = {67CC69D3-E555-4362-B290-762D7025B969}
	EndGlobalSection
EndGlobal
